
Microsoft Visual Studio Solution File, Format Version 12.00
# Visual Studio Version 16
VisualStudioVersion = 16.0.31410.223
MinimumVisualStudioVersion = 10.0.40219.1
Project("{FAE04EC0-301F-11D3-BF4B-00C04F79EFBC}") = "Hosted_Blazor_WASM_Identity.Server", "Hosted_Blazor_WASM_Identity\Server\Hosted_Blazor_WASM_Identity.Server.csproj", "{B707E25E-E273-465B-ABDC-00B7A045A34E}"
EndProject
Project("{FAE04EC0-301F-11D3-BF4B-00C04F79EFBC}") = "Hosted_Blazor_WASM_Identity.Client", "Hosted_Blazor_WASM_Identity\Client\Hosted_Blazor_WASM_Identity.Client.csproj", "{A723D4A2-C165-40FC-9B19-8B575872C9F0}"
EndProject
Project("{FAE04EC0-301F-11D3-BF4B-00C04F79EFBC}") = "Hosted_Blazor_WASM_Identity.Shared", "Hosted_Blazor_WASM_Identity\Shared\Hosted_Blazor_WASM_Identity.Shared.csproj", "{67D5F244-2B8F-49CA-96F8-1F45EA205A56}"
EndProject
Global
	GlobalSection(SolutionConfigurationPlatforms) = preSolution
		Debug|Any CPU = Debug|Any CPU
		Release|Any CPU = Release|Any CPU
	EndGlobalSection
	GlobalSection(ProjectConfigurationPlatforms) = postSolution
		{B707E25E-E273-465B-ABDC-00B7A045A34E}.Debug|Any CPU.ActiveCfg = Debug|Any CPU
		{B707E25E-E273-465B-ABDC-00B7A045A34E}.Debug|Any CPU.Build.0 = Debug|Any CPU
		{B707E25E-E273-465B-ABDC-00B7A045A34E}.Release|Any CPU.ActiveCfg = Release|Any CPU
		{B707E25E-E273-465B-ABDC-00B7A045A34E}.Release|Any CPU.Build.0 = Release|Any CPU
		{A723D4A2-C165-40FC-9B19-8B575872C9F0}.Debug|Any CPU.ActiveCfg = Debug|Any CPU
		{A723D4A2-C165-40FC-9B19-8B575872C9F0}.Debug|Any CPU.Build.0 = Debug|Any CPU
		{A723D4A2-C165-40FC-9B19-8B575872C9F0}.Release|Any CPU.ActiveCfg = Release|Any CPU
		{A723D4A2-C165-40FC-9B19-8B575872C9F0}.Release|Any CPU.Build.0 = Release|Any CPU
		{67D5F244-2B8F-49CA-96F8-1F45EA205A56}.Debug|Any CPU.ActiveCfg = Debug|Any CPU
		{67D5F244-2B8F-49CA-96F8-1F45EA205A56}.Debug|Any CPU.Build.0 = Debug|Any CPU
		{67D5F244-2B8F-49CA-96F8-1F45EA205A56}.Release|Any CPU.ActiveCfg = Release|Any CPU
		{67D5F244-2B8F-49CA-96F8-1F45EA205A56}.Release|Any CPU.Build.0 = Release|Any CPU
	EndGlobalSection
	GlobalSection(SolutionProperties) = preSolution
		HideSolutionNode = FALSE
	EndGlobalSection
	GlobalSection(ExtensibilityGlobals) = postSolution
		SolutionGuid = {F15FD74E-7865-4D28-9647-E7D49CC67719}
	EndGlobalSection
EndGlobal
